{
  "name": "@omnix/root-config",
  "version": "1.0.11",
  "lockfileVersion": 1,
  "requires": true,
  "dependencies": {
    "new-relic-agent-react": {
      "version": "2.0.1",
      "resolved": "https://registry.npmjs.org/new-relic-agent-react/-/new-relic-agent-react-2.0.1.tgz",
      "integrity": "sha512-XsRxffuFi5RjmKNcRzZPA5m0Tj7rm5OApg9o5ZEWRyVm31UkvFkiucYV121G8Zw3gZG//7njGGeQ7rA6bAgZNg=="
    }
  }
}
